
Microsoft Visual Studio Solution File, Format Version 12.00
# Visual Studio 15
VisualStudioVersion = 15.0.26730.12
MinimumVisualStudioVersion = 10.0.40219.1
Project("{FAE04EC0-301F-11D3-BF4B-00C04F79EFBC}") = "SoC", "SoC\SoC.csproj", "{270B9CA0-E0DA-41D6-9709-6344C120651C}"
EndProject
Global
	GlobalSection(SolutionConfigurationPlatforms) = preSolution
		Debug|x86 = Debug|x86
		Release|x86 = Release|x86
	EndGlobalSection
	GlobalSection(ProjectConfigurationPlatforms) = postSolution
		{270B9CA0-E0DA-41D6-9709-6344C120651C}.Debug|x86.ActiveCfg = Debug|x86
		{270B9CA0-E0DA-41D6-9709-6344C120651C}.Debug|x86.Build.0 = Debug|x86
		{270B9CA0-E0DA-41D6-9709-6344C120651C}.Release|x86.ActiveCfg = Release|x86
		{270B9CA0-E0DA-41D6-9709-6344C120651C}.Release|x86.Build.0 = Release|x86
	EndGlobalSection
	GlobalSection(SolutionProperties) = preSolution
		HideSolutionNode = FALSE
	EndGlobalSection
	GlobalSection(ExtensibilityGlobals) = postSolution
		SolutionGuid = {0EE314C3-2E37-4B27-BDC4-2D1E23A975CA}
	EndGlobalSection
EndGlobal
